
Microsoft Visual Studio Solution File, Format Version 12.00
# Visual Studio Version 17
VisualStudioVersion = 17.1.32328.378
MinimumVisualStudioVersion = 10.0.40219.1
Project("{9092AA53-FB77-4645-B42D-1CCCA6BD08BD}") = "CSC227Final", "CSC227Final\CSC227Final.njsproj", "{F19F0547-EA5D-45A9-B939-135080A5989A}"
EndProject
Global
	GlobalSection(SolutionConfigurationPlatforms) = preSolution
		Debug|Any CPU = Debug|Any CPU
		Release|Any CPU = Release|Any CPU
	EndGlobalSection
	GlobalSection(ProjectConfigurationPlatforms) = postSolution
		{F19F0547-EA5D-45A9-B939-135080A5989A}.Debug|Any CPU.ActiveCfg = Debug|Any CPU
		{F19F0547-EA5D-45A9-B939-135080A5989A}.Debug|Any CPU.Build.0 = Debug|Any CPU
		{F19F0547-EA5D-45A9-B939-135080A5989A}.Release|Any CPU.ActiveCfg = Release|Any CPU
		{F19F0547-EA5D-45A9-B939-135080A5989A}.Release|Any CPU.Build.0 = Release|Any CPU
	EndGlobalSection
	GlobalSection(SolutionProperties) = preSolution
		HideSolutionNode = FALSE
	EndGlobalSection
	GlobalSection(ExtensibilityGlobals) = postSolution
		SolutionGuid = {4CF720C5-C995-4A5F-99CC-FC7B6DCE5961}
	EndGlobalSection
EndGlobal
